Microsoft Visual Studio Solution File, Format Version 12.00
# Visual Studio Version 17
VisualStudioVersion = 17.5.2.0
MinimumVisualStudioVersion = 10.0.40219.1
Project("{FAE04EC0-301F-11D3-BF4B-00C04F79EFBC}") = "SS.Linux", "SS.Linux.csproj", "{A954BD28-1B1E-ABC1-059F-F5B14CDB767A}"
EndProject
Project("{FAE04EC0-301F-11D3-BF4B-00C04F79EFBC}") = "SS.Windows", "SS.Windows.csproj", "{AD8AC027-D797-FE15-E14A-7BD9881FE6E7}"
EndProject
Global
	GlobalSection(SolutionConfigurationPlatforms) = preSolution
		Debug|Any CPU = Debug|Any CPU
		Release|Any CPU = Release|Any CPU
	EndGlobalSection
	GlobalSection(ProjectConfigurationPlatforms) = postSolution
		{A954BD28-1B1E-ABC1-059F-F5B14CDB767A}.Debug|Any CPU.ActiveCfg = Debug|Any CPU
		{A954BD28-1B1E-ABC1-059F-F5B14CDB767A}.Debug|Any CPU.Build.0 = Debug|Any CPU
		{A954BD28-1B1E-ABC1-059F-F5B14CDB767A}.Release|Any CPU.ActiveCfg = Release|Any CPU
		{A954BD28-1B1E-ABC1-059F-F5B14CDB767A}.Release|Any CPU.Build.0 = Release|Any CPU
		{AD8AC027-D797-FE15-E14A-7BD9881FE6E7}.Debug|Any CPU.ActiveCfg = Debug|Any CPU
		{AD8AC027-D797-FE15-E14A-7BD9881FE6E7}.Debug|Any CPU.Build.0 = Debug|Any CPU
		{AD8AC027-D797-FE15-E14A-7BD9881FE6E7}.Release|Any CPU.ActiveCfg = Release|Any CPU
		{AD8AC027-D797-FE15-E14A-7BD9881FE6E7}.Release|Any CPU.Build.0 = Release|Any CPU
	EndGlobalSection
	GlobalSection(SolutionProperties) = preSolution
		HideSolutionNode = FALSE
	EndGlobalSection
	GlobalSection(ExtensibilityGlobals) = postSolution
		SolutionGuid = {51E68C08-70CA-441A-8F9D-74B6825C40D9}
	EndGlobalSection
EndGlobal
