
Microsoft Visual Studio Solution File, Format Version 12.00
# Visual Studio Version 17
VisualStudioVersion = 17.6.33829.357
MinimumVisualStudioVersion = 10.0.40219.1
Project("{9A19103F-16F7-4668-BE54-9A1E7A4F7556}") = "PixelDust.Game", "PixelDust.Game\PixelDust.Game.csproj", "{741D0286-6A83-4B90-9083-1EE1B6050F7C}"
EndProject
Project("{9A19103F-16F7-4668-BE54-9A1E7A4F7556}") = "PixelDust.GUI", "PixelDust.GUI\PixelDust.GUI.csproj", "{041988D7-0607-407A-9217-B4488D0AFD5C}"
EndProject
Global
	GlobalSection(SolutionConfigurationPlatforms) = preSolution
		Debug|Any CPU = Debug|Any CPU
		Release|Any CPU = Release|Any CPU
	EndGlobalSection
	GlobalSection(ProjectConfigurationPlatforms) = postSolution
		{741D0286-6A83-4B90-9083-1EE1B6050F7C}.Debug|Any CPU.ActiveCfg = Debug|Any CPU
		{741D0286-6A83-4B90-9083-1EE1B6050F7C}.Debug|Any CPU.Build.0 = Debug|Any CPU
		{741D0286-6A83-4B90-9083-1EE1B6050F7C}.Release|Any CPU.ActiveCfg = Release|Any CPU
		{741D0286-6A83-4B90-9083-1EE1B6050F7C}.Release|Any CPU.Build.0 = Release|Any CPU
		{041988D7-0607-407A-9217-B4488D0AFD5C}.Debug|Any CPU.ActiveCfg = Debug|Any CPU
		{041988D7-0607-407A-9217-B4488D0AFD5C}.Debug|Any CPU.Build.0 = Debug|Any CPU
		{041988D7-0607-407A-9217-B4488D0AFD5C}.Release|Any CPU.ActiveCfg = Release|Any CPU
		{041988D7-0607-407A-9217-B4488D0AFD5C}.Release|Any CPU.Build.0 = Release|Any CPU
	EndGlobalSection
	GlobalSection(SolutionProperties) = preSolution
		HideSolutionNode = FALSE
	EndGlobalSection
	GlobalSection(ExtensibilityGlobals) = postSolution
		SolutionGuid = {4DEB739B-6585-471A-9FB5-6D6175A935F8}
	EndGlobalSection
EndGlobal
