
Microsoft Visual Studio Solution File, Format Version 12.00
# Visual Studio Version 18
VisualStudioVersion = 18.2.11408.102
MinimumVisualStudioVersion = 10.0.40219.1
Project("{FAE04EC0-301F-11D3-BF4B-00C04F79EFBC}") = "SS.Desktop.Windows", "Desktop\SS.Desktop.Windows.csproj", "{F5A96B64-CEE8-2BC9-87B0-84F6C9448549}"
EndProject
Project("{FAE04EC0-301F-11D3-BF4B-00C04F79EFBC}") = "SS.Core.Windows", "Core\SS.Core.Windows.csproj", "{1A837C23-F810-751D-25DD-DE997B459E55}"
EndProject
Global
	GlobalSection(SolutionConfigurationPlatforms) = preSolution
		Debug|Any CPU = Debug|Any CPU
		Release|Any CPU = Release|Any CPU
	EndGlobalSection
	GlobalSection(ProjectConfigurationPlatforms) = postSolution
		{F5A96B64-CEE8-2BC9-87B0-84F6C9448549}.Debug|Any CPU.ActiveCfg = Debug|Any CPU
		{F5A96B64-CEE8-2BC9-87B0-84F6C9448549}.Debug|Any CPU.Build.0 = Debug|Any CPU
		{F5A96B64-CEE8-2BC9-87B0-84F6C9448549}.Release|Any CPU.ActiveCfg = Release|Any CPU
		{F5A96B64-CEE8-2BC9-87B0-84F6C9448549}.Release|Any CPU.Build.0 = Release|Any CPU
		{1A837C23-F810-751D-25DD-DE997B459E55}.Debug|Any CPU.ActiveCfg = Debug|Any CPU
		{1A837C23-F810-751D-25DD-DE997B459E55}.Debug|Any CPU.Build.0 = Debug|Any CPU
		{1A837C23-F810-751D-25DD-DE997B459E55}.Release|Any CPU.ActiveCfg = Release|Any CPU
		{1A837C23-F810-751D-25DD-DE997B459E55}.Release|Any CPU.Build.0 = Release|Any CPU
	EndGlobalSection
	GlobalSection(SolutionProperties) = preSolution
		HideSolutionNode = FALSE
	EndGlobalSection
	GlobalSection(ExtensibilityGlobals) = postSolution
		SolutionGuid = {4AD453A0-2384-4ABF-A8C2-331F189430DD}
	EndGlobalSection
EndGlobal
