
Microsoft Visual Studio Solution File, Format Version 12.00
# Visual Studio Version 17
VisualStudioVersion = 17.6.33829.357
MinimumVisualStudioVersion = 10.0.40219.1
Project("{FAE04EC0-301F-11D3-BF4B-00C04F79EFBC}") = "StardustSandbox", "StardustSandbox\StardustSandbox.csproj", "{166FC3D1-DD71-93F1-F443-FEDF39858B21}"
EndProject
Global
	GlobalSection(SolutionConfigurationPlatforms) = preSolution
		Debug|Any CPU = Debug|Any CPU
		Release|Any CPU = Release|Any CPU
	EndGlobalSection
	GlobalSection(ProjectConfigurationPlatforms) = postSolution
		{166FC3D1-DD71-93F1-F443-FEDF39858B21}.Debug|Any CPU.ActiveCfg = Debug|Any CPU
		{166FC3D1-DD71-93F1-F443-FEDF39858B21}.Debug|Any CPU.Build.0 = Debug|Any CPU
		{166FC3D1-DD71-93F1-F443-FEDF39858B21}.Release|Any CPU.ActiveCfg = Release|Any CPU
		{166FC3D1-DD71-93F1-F443-FEDF39858B21}.Release|Any CPU.Build.0 = Release|Any CPU
	EndGlobalSection
	GlobalSection(SolutionProperties) = preSolution
		HideSolutionNode = FALSE
	EndGlobalSection
	GlobalSection(ExtensibilityGlobals) = postSolution
		SolutionGuid = {4DEB739B-6585-471A-9FB5-6D6175A935F8}
	EndGlobalSection
EndGlobal
