
Microsoft Visual Studio Solution File, Format Version 12.00
# Visual Studio Version 17
VisualStudioVersion = 17.6.33829.357
MinimumVisualStudioVersion = 10.0.40219.1
Project("{9A19103F-16F7-4668-BE54-9A1E7A4F7556}") = "StardustSandbox.WindowsDX.Game", "SS.Game\StardustSandbox.WindowsDX.Game.csproj", "{2DCB0206-EE6A-4E11-8037-98B932C8FD43}"
EndProject
Project("{9A19103F-16F7-4668-BE54-9A1E7A4F7556}") = "StardustSandbox.WindowsDX.Core", "SS.Core\StardustSandbox.WindowsDX.Core.csproj", "{EF55EA61-8B7F-4C8C-9CC7-D726BA5C2893}"
EndProject
Global
	GlobalSection(SolutionConfigurationPlatforms) = preSolution
		Debug|Any CPU = Debug|Any CPU
		Release|Any CPU = Release|Any CPU
	EndGlobalSection
	GlobalSection(ProjectConfigurationPlatforms) = postSolution
		{2DCB0206-EE6A-4E11-8037-98B932C8FD43}.Debug|Any CPU.ActiveCfg = Debug|Any CPU
		{2DCB0206-EE6A-4E11-8037-98B932C8FD43}.Debug|Any CPU.Build.0 = Debug|Any CPU
		{2DCB0206-EE6A-4E11-8037-98B932C8FD43}.Release|Any CPU.ActiveCfg = Release|Any CPU
		{2DCB0206-EE6A-4E11-8037-98B932C8FD43}.Release|Any CPU.Build.0 = Release|Any CPU
		{EF55EA61-8B7F-4C8C-9CC7-D726BA5C2893}.Debug|Any CPU.ActiveCfg = Debug|Any CPU
		{EF55EA61-8B7F-4C8C-9CC7-D726BA5C2893}.Debug|Any CPU.Build.0 = Debug|Any CPU
		{EF55EA61-8B7F-4C8C-9CC7-D726BA5C2893}.Release|Any CPU.ActiveCfg = Release|Any CPU
		{EF55EA61-8B7F-4C8C-9CC7-D726BA5C2893}.Release|Any CPU.Build.0 = Release|Any CPU
	EndGlobalSection
	GlobalSection(SolutionProperties) = preSolution
		HideSolutionNode = FALSE
	EndGlobalSection
	GlobalSection(ExtensibilityGlobals) = postSolution
		SolutionGuid = {4DEB739B-6585-471A-9FB5-6D6175A935F8}
	EndGlobalSection
EndGlobal
