
Microsoft Visual Studio Solution File, Format Version 12.00
# Visual Studio Version 17
VisualStudioVersion = 17.0.31903.59
MinimumVisualStudioVersion = 10.0.40219.1
Project("{FAE04EC0-301F-11D3-BF4B-00C04F79EFBC}") = "SS.Core", "SS.Core\SS.Core.csproj", "{271F987E-3467-4D4F-8D26-C500D0EDBDD1}"
EndProject
Project("{FAE04EC0-301F-11D3-BF4B-00C04F79EFBC}") = "SS.Linux", "SS.Linux\SS.Linux.csproj", "{60D7FFCB-1ED1-4F19-8C66-AFCCD6150D74}"
EndProject
Project("{FAE04EC0-301F-11D3-BF4B-00C04F79EFBC}") = "SS.Windows", "SS.Windows\SS.Windows.csproj", "{3522A18D-425A-4638-A872-34C7FBA726C2}"
EndProject
Project("{2150E333-8FDC-42A3-9474-1A3956D46DE8}") = "Scripts", "Scripts", "{02EA681E-C7D8-13C7-8484-4AC65E1B71E8}"
	ProjectSection(SolutionItems) = preProject
		Scripts\publish_all.ps1 = Scripts\publish_all.ps1
	EndProjectSection
EndProject
Project("{2150E333-8FDC-42A3-9474-1A3956D46DE8}") = "Targets", "Targets", "{96E6E11A-DCCA-4CEB-AE53-0BEDC73479AF}"
	ProjectSection(SolutionItems) = preProject
		Targets\Application.targets = Targets\Application.targets
		Targets\Directories.targets = Targets\Directories.targets
		Targets\Files.targets = Targets\Files.targets
		Targets\Icons.targets = Targets\Icons.targets
		Targets\Localization.targets = Targets\Localization.targets
		Targets\Metadata.targets = Targets\Metadata.targets
		Targets\NetBeauty.targets = Targets\NetBeauty.targets
		Targets\Restore.targets = Targets\Restore.targets
	EndProjectSection
EndProject
Global
	GlobalSection(SolutionConfigurationPlatforms) = preSolution
		Debug|Any CPU = Debug|Any CPU
		Debug|x64 = Debug|x64
		Debug|x86 = Debug|x86
		Release|Any CPU = Release|Any CPU
		Release|x64 = Release|x64
		Release|x86 = Release|x86
	EndGlobalSection
	GlobalSection(ProjectConfigurationPlatforms) = postSolution
		{271F987E-3467-4D4F-8D26-C500D0EDBDD1}.Debug|Any CPU.ActiveCfg = Debug|Any CPU
		{271F987E-3467-4D4F-8D26-C500D0EDBDD1}.Debug|Any CPU.Build.0 = Debug|Any CPU
		{271F987E-3467-4D4F-8D26-C500D0EDBDD1}.Debug|x64.ActiveCfg = Debug|Any CPU
		{271F987E-3467-4D4F-8D26-C500D0EDBDD1}.Debug|x64.Build.0 = Debug|Any CPU
		{271F987E-3467-4D4F-8D26-C500D0EDBDD1}.Debug|x86.ActiveCfg = Debug|Any CPU
		{271F987E-3467-4D4F-8D26-C500D0EDBDD1}.Debug|x86.Build.0 = Debug|Any CPU
		{271F987E-3467-4D4F-8D26-C500D0EDBDD1}.Release|Any CPU.ActiveCfg = Release|Any CPU
		{271F987E-3467-4D4F-8D26-C500D0EDBDD1}.Release|Any CPU.Build.0 = Release|Any CPU
		{271F987E-3467-4D4F-8D26-C500D0EDBDD1}.Release|x64.ActiveCfg = Release|Any CPU
		{271F987E-3467-4D4F-8D26-C500D0EDBDD1}.Release|x64.Build.0 = Release|Any CPU
		{271F987E-3467-4D4F-8D26-C500D0EDBDD1}.Release|x86.ActiveCfg = Release|Any CPU
		{271F987E-3467-4D4F-8D26-C500D0EDBDD1}.Release|x86.Build.0 = Release|Any CPU
		{60D7FFCB-1ED1-4F19-8C66-AFCCD6150D74}.Debug|Any CPU.ActiveCfg = Debug|Any CPU
		{60D7FFCB-1ED1-4F19-8C66-AFCCD6150D74}.Debug|Any CPU.Build.0 = Debug|Any CPU
		{60D7FFCB-1ED1-4F19-8C66-AFCCD6150D74}.Debug|x64.ActiveCfg = Debug|Any CPU
		{60D7FFCB-1ED1-4F19-8C66-AFCCD6150D74}.Debug|x64.Build.0 = Debug|Any CPU
		{60D7FFCB-1ED1-4F19-8C66-AFCCD6150D74}.Debug|x86.ActiveCfg = Debug|Any CPU
		{60D7FFCB-1ED1-4F19-8C66-AFCCD6150D74}.Debug|x86.Build.0 = Debug|Any CPU
		{60D7FFCB-1ED1-4F19-8C66-AFCCD6150D74}.Release|Any CPU.ActiveCfg = Release|Any CPU
		{60D7FFCB-1ED1-4F19-8C66-AFCCD6150D74}.Release|Any CPU.Build.0 = Release|Any CPU
		{60D7FFCB-1ED1-4F19-8C66-AFCCD6150D74}.Release|x64.ActiveCfg = Release|Any CPU
		{60D7FFCB-1ED1-4F19-8C66-AFCCD6150D74}.Release|x64.Build.0 = Release|Any CPU
		{60D7FFCB-1ED1-4F19-8C66-AFCCD6150D74}.Release|x86.ActiveCfg = Release|Any CPU
		{60D7FFCB-1ED1-4F19-8C66-AFCCD6150D74}.Release|x86.Build.0 = Release|Any CPU
		{3522A18D-425A-4638-A872-34C7FBA726C2}.Debug|Any CPU.ActiveCfg = Debug|Any CPU
		{3522A18D-425A-4638-A872-34C7FBA726C2}.Debug|Any CPU.Build.0 = Debug|Any CPU
		{3522A18D-425A-4638-A872-34C7FBA726C2}.Debug|x64.ActiveCfg = Debug|Any CPU
		{3522A18D-425A-4638-A872-34C7FBA726C2}.Debug|x64.Build.0 = Debug|Any CPU
		{3522A18D-425A-4638-A872-34C7FBA726C2}.Debug|x86.ActiveCfg = Debug|Any CPU
		{3522A18D-425A-4638-A872-34C7FBA726C2}.Debug|x86.Build.0 = Debug|Any CPU
		{3522A18D-425A-4638-A872-34C7FBA726C2}.Release|Any CPU.ActiveCfg = Release|Any CPU
		{3522A18D-425A-4638-A872-34C7FBA726C2}.Release|Any CPU.Build.0 = Release|Any CPU
		{3522A18D-425A-4638-A872-34C7FBA726C2}.Release|x64.ActiveCfg = Release|Any CPU
		{3522A18D-425A-4638-A872-34C7FBA726C2}.Release|x64.Build.0 = Release|Any CPU
		{3522A18D-425A-4638-A872-34C7FBA726C2}.Release|x86.ActiveCfg = Release|Any CPU
		{3522A18D-425A-4638-A872-34C7FBA726C2}.Release|x86.Build.0 = Release|Any CPU
	EndGlobalSection
	GlobalSection(SolutionProperties) = preSolution
		HideSolutionNode = FALSE
	EndGlobalSection
	GlobalSection(ExtensibilityGlobals) = postSolution
		SolutionGuid = {7A567386-60F0-4D8C-845D-5EB7D6EC3694}
	EndGlobalSection
EndGlobal
