
Microsoft Visual Studio Solution File, Format Version 12.00
# Visual Studio Version 17
VisualStudioVersion = 17.0.31903.59
MinimumVisualStudioVersion = 10.0.40219.1
Project("{FAE04EC0-301F-11D3-BF4B-00C04F79EFBC}") = "StardustSandbox.DesktopGL.Game", "SS.Game\StardustSandbox.DesktopGL.Game.csproj", "{E44005CD-C6A8-4F7A-846C-DCB7D483372A}"
EndProject
Project("{FAE04EC0-301F-11D3-BF4B-00C04F79EFBC}") = "StardustSandbox.DesktopGL.Core", "SS.Core\StardustSandbox.DesktopGL.Core.csproj", "{997E1CBB-01A0-4BA6-8CC7-C59E47FC8D6F}"
EndProject
Project("{FAE04EC0-301F-11D3-BF4B-00C04F79EFBC}") = "StardustSandbox.DesktopGL.ContentBundle", "SS.ContentBundle\StardustSandbox.DesktopGL.ContentBundle.csproj", "{FD426859-7A10-4C75-9E84-CE081AB6F8E7}"
EndProject
Global
	GlobalSection(SolutionConfigurationPlatforms) = preSolution
		Debug|Any CPU = Debug|Any CPU
		Release|Any CPU = Release|Any CPU
	EndGlobalSection
	GlobalSection(SolutionProperties) = preSolution
		HideSolutionNode = FALSE
	EndGlobalSection
	GlobalSection(ProjectConfigurationPlatforms) = postSolution
		{E44005CD-C6A8-4F7A-846C-DCB7D483372A}.Debug|Any CPU.ActiveCfg = Debug|Any CPU
		{E44005CD-C6A8-4F7A-846C-DCB7D483372A}.Debug|Any CPU.Build.0 = Debug|Any CPU
		{E44005CD-C6A8-4F7A-846C-DCB7D483372A}.Release|Any CPU.ActiveCfg = Release|Any CPU
		{E44005CD-C6A8-4F7A-846C-DCB7D483372A}.Release|Any CPU.Build.0 = Release|Any CPU
		{997E1CBB-01A0-4BA6-8CC7-C59E47FC8D6F}.Debug|Any CPU.ActiveCfg = Debug|Any CPU
		{997E1CBB-01A0-4BA6-8CC7-C59E47FC8D6F}.Debug|Any CPU.Build.0 = Debug|Any CPU
		{997E1CBB-01A0-4BA6-8CC7-C59E47FC8D6F}.Release|Any CPU.ActiveCfg = Release|Any CPU
		{997E1CBB-01A0-4BA6-8CC7-C59E47FC8D6F}.Release|Any CPU.Build.0 = Release|Any CPU
		{FD426859-7A10-4C75-9E84-CE081AB6F8E7}.Debug|Any CPU.ActiveCfg = Debug|Any CPU
		{FD426859-7A10-4C75-9E84-CE081AB6F8E7}.Debug|Any CPU.Build.0 = Debug|Any CPU
		{FD426859-7A10-4C75-9E84-CE081AB6F8E7}.Release|Any CPU.ActiveCfg = Release|Any CPU
		{FD426859-7A10-4C75-9E84-CE081AB6F8E7}.Release|Any CPU.Build.0 = Release|Any CPU
	EndGlobalSection
EndGlobal
